{
  "name": "nanocodex-node-example",
  "version": "0.1.0",
  "lockfileVersion": 3,
  "requires": true,
  "packages": {
    "": {
      "name": "nanocodex-node-example",
      "version": "0.1.0",
      "dependencies": {
        "nanocodex": "file:../../js/bindings"
      },
      "engines": {
        "node": ">=22.13.0"
      }
    },
    "../../js/bindings": {
      "name": "nanocodex",
      "version": "0.1.0",
      "license": "MIT OR Apache-2.0",
      "dependencies": {
        "ws": "^8.18.3"
      },
      "engines": {
        "node": ">=22.13.0"
      }
    },
    "node_modules/nanocodex": {
      "resolved": "../../js/bindings",
      "link": true
    }
  }
}
